
Microsoft Visual Studio Solution File, Format Version 12.00
# Visual Studio Version 16
VisualStudioVersion = 16.0.29905.134
MinimumVisualStudioVersion = 10.0.40219.1
Project("{FAE04EC0-301F-11D3-BF4B-00C04F79EFBC}") = "HelloWorld", "HelloWorld.csproj", "{DD53E0D5-D372-4C37-9B0A-3C1507BC0002}"
EndProject
Global
	GlobalSection(SolutionConfigurationPlatforms) = preSolution
		Debug|Any CPU = Debug|Any CPU
		Release|Any CPU = Release|Any CPU
	EndGlobalSection
	GlobalSection(ProjectConfigurationPlatforms) = postSolution
		{DD53E0D5-D372-4C37-9B0A-3C1507BC0002}.Debug|Any CPU.ActiveCfg = Debug|Any CPU
		{DD53E0D5-D372-4C37-9B0A-3C1507BC0002}.Debug|Any CPU.Build.0 = Debug|Any CPU
		{DD53E0D5-D372-4C37-9B0A-3C1507BC0002}.Release|Any CPU.ActiveCfg = Release|Any CPU
		{DD53E0D5-D372-4C37-9B0A-3C1507BC0002}.Release|Any CPU.Build.0 = Release|Any CPU
	EndGlobalSection
	GlobalSection(SolutionProperties) = preSolution
		HideSolutionNode = FALSE
	EndGlobalSection
	GlobalSection(ExtensibilityGlobals) = postSolution
		SolutionGuid = {1961BF0B-C1CE-45C7-A867-62F140689FC4}
	EndGlobalSection
EndGlobal
